// !$*UTF8*$!
{
	archiveVersion = 1;
	classes = {
	};
	objectVersion = 46;
	objects = {

/* Begin PBXBuildFile section */
		361B445B1540A56200C4F80B /* AndroidManifest.xml in Resources */ = {isa = PBXBuildFile; fileRef = 361B445A1540A56200C4F80B /* AndroidManifest.xml */; };
		362A7AA01540643700CA25C6 /* build_fake_package.sh in Resources */ = {isa = PBXBuildFile; fileRef = 362A7A9F1540643700CA25C6 /* build_fake_package.sh */; };
		362A7AA215406FFE00CA25C6 /* en1_addr.sh in Resources */ = {isa = PBXBuildFile; fileRef = 362A7AA115406FFE00CA25C6 /* en1_addr.sh */; };
		3680B88A1549CED8005CD1B3 /* publish_apk_to_adb_devices.sh in Resources */ = {isa = PBXBuildFile; fileRef = 3680B8891549CED8005CD1B3 /* publish_apk_to_adb_devices.sh */; };
		369D989F1544800900616DF5 /* FakeProjectBuilder.m in Sources */ = {isa = PBXBuildFile; fileRef = 369D989E1544800900616DF5 /* FakeProjectBuilder.m */; };
		369D98A31544881500616DF5 /* FResourceIndex.m in Sources */ = {isa = PBXBuildFile; fileRef = 369D98A21544881500616DF5 /* FResourceIndex.m */; };
		369D98A615448B8D00616DF5 /* FResourceName.m in Sources */ = {isa = PBXBuildFile; fileRef = 369D98A515448B8D00616DF5 /* FResourceName.m */; };
		369D98AA15448F3900616DF5 /* NSString+Resources.m in Sources */ = {isa = PBXBuildFile; fileRef = 369D98A915448F3900616DF5 /* NSString+Resources.m */; };
		36E98EEB154C541600D48A46 /* NSString+Regexen.m in Sources */ = {isa = PBXBuildFile; fileRef = 36E98EEA154C541600D48A46 /* NSString+Regexen.m */; };
		36EEAE02155EA0E70066AB57 /* FTaskStream.m in Sources */ = {isa = PBXBuildFile; fileRef = 36EEAE01155EA0E70066AB57 /* FTaskStream.m */; };
		36EEAE1E155F4A960066AB57 /* FIntent.m in Sources */ = {isa = PBXBuildFile; fileRef = 36EEAE1D155F4A960066AB57 /* FIntent.m */; };
		36EEAE31155F554C0066AB57 /* CDataScanner.m in Sources */ = {isa = PBXBuildFile; fileRef = 36EEAE30155F554C0066AB57 /* CDataScanner.m */; };
		36EEAE5D155F565A0066AB57 /* CFilteringJSONSerializer.m in Sources */ = {isa = PBXBuildFile; fileRef = 36EEAE4D155F565A0066AB57 /* CFilteringJSONSerializer.m */; };
		36EEAE5E155F565A0066AB57 /* CJSONSerialization.m in Sources */ = {isa = PBXBuildFile; fileRef = 36EEAE4F155F565A0066AB57 /* CJSONSerialization.m */; };
		36EEAE5F155F565A0066AB57 /* CJSONSerializedData.m in Sources */ = {isa = PBXBuildFile; fileRef = 36EEAE51155F565A0066AB57 /* CJSONSerializedData.m */; };
		36EEAE60155F565A0066AB57 /* CDataScanner_Extensions.m in Sources */ = {isa = PBXBuildFile; fileRef = 36EEAE53155F565A0066AB57 /* CDataScanner_Extensions.m */; };
		36EEAE61155F565A0066AB57 /* NSDictionary_JSONExtensions.m in Sources */ = {isa = PBXBuildFile; fileRef = 36EEAE55155F565A0066AB57 /* NSDictionary_JSONExtensions.m */; };
		36EEAE62155F565A0066AB57 /* CJSONScanner.m in Sources */ = {isa = PBXBuildFile; fileRef = 36EEAE57155F565A0066AB57 /* CJSONScanner.m */; };
		36EEAE63155F565A0066AB57 /* CJSONDeserializer.m in Sources */ = {isa = PBXBuildFile; fileRef = 36EEAE59155F565A0066AB57 /* CJSONDeserializer.m */; };
		36EEAE64155F565A0066AB57 /* CJSONSerializer.m in Sources */ = {isa = PBXBuildFile; fileRef = 36EEAE5B155F565A0066AB57 /* CJSONSerializer.m */; };
		8342C50B153F7274007B2447 /* Cocoa.framework in Frameworks */ = {isa = PBXBuildFile; fileRef = 8342C50A153F7274007B2447 /* Cocoa.framework */; };
		8342C515153F7274007B2447 /* InfoPlist.strings in Resources */ = {isa = PBXBuildFile; fileRef = 8342C513153F7274007B2447 /* InfoPlist.strings */; };
		8342C517153F7274007B2447 /* main.m in Sources */ = {isa = PBXBuildFile; fileRef = 8342C516153F7274007B2447 /* main.m */; };
		8342C51B153F7274007B2447 /* Credits.rtf in Resources */ = {isa = PBXBuildFile; fileRef = 8342C519153F7274007B2447 /* Credits.rtf */; };
		8342C51E153F7274007B2447 /* FAppDelegate.m in Sources */ = {isa = PBXBuildFile; fileRef = 8342C51D153F7274007B2447 /* FAppDelegate.m */; };
		8342C521153F7274007B2447 /* MainMenu.xib in Resources */ = {isa = PBXBuildFile; fileRef = 8342C51F153F7274007B2447 /* MainMenu.xib */; };
		8342C533153F73E6007B2447 /* FFileViewController.m in Sources */ = {isa = PBXBuildFile; fileRef = 8342C531153F73E6007B2447 /* FFileViewController.m */; };
		8342C534153F73E6007B2447 /* FFileViewController.xib in Resources */ = {isa = PBXBuildFile; fileRef = 8342C532153F73E6007B2447 /* FFileViewController.xib */; };
		8395D944154771E70023F804 /* RogerIcon.icns in Resources */ = {isa = PBXBuildFile; fileRef = 8395D943154771E70023F804 /* RogerIcon.icns */; };
		83FEA52815407D8900B40A11 /* RogerServer.js in Sources */ = {isa = PBXBuildFile; fileRef = 83FEA52715407D8900B40A11 /* RogerServer.js */; };
		83FEA52B1540826600B40A11 /* RogerServer.js in Resources */ = {isa = PBXBuildFile; fileRef = 83FEA52715407D8900B40A11 /* RogerServer.js */; };
		83FEA53515410BA700B40A11 /* FPreferenceWindowController.m in Sources */ = {isa = PBXBuildFile; fileRef = 83FEA53315410BA600B40A11 /* FPreferenceWindowController.m */; };
		83FEA53615410BA700B40A11 /* FPreferenceWindowController.xib in Resources */ = {isa = PBXBuildFile; fileRef = 83FEA53415410BA700B40A11 /* FPreferenceWindowController.xib */; };
/* End PBXBuildFile section */

/* Begin PBXFileReference section */
		361B445A1540A56200C4F80B /* AndroidManifest.xml */ = {isa = PBXFileReference; lastKnownFileType = text.xml; name = AndroidManifest.xml; path = scripting/AndroidManifest.xml; sourceTree = "<group>"; };
		362A7A9D15405D2000CA25C6 /* scripting */ = {isa = PBXFileReference; lastKnownFileType = folder; path = scripting; sourceTree = SOURCE_ROOT; };
		362A7A9F1540643700CA25C6 /* build_fake_package.sh */ = {isa = PBXFileReference; lastKnownFileType = text.script.sh; name = build_fake_package.sh; path = scripting/build_fake_package.sh; sourceTree = "<group>"; };
		362A7AA115406FFE00CA25C6 /* en1_addr.sh */ = {isa = PBXFileReference; lastKnownFileType = text.script.sh; name = en1_addr.sh; path = scripting/en1_addr.sh; sourceTree = "<group>"; };
		3680B8891549CED8005CD1B3 /* publish_apk_to_adb_devices.sh */ = {isa = PBXFileReference; lastKnownFileType = text.script.sh; name = publish_apk_to_adb_devices.sh; path = scripting/publish_apk_to_adb_devices.sh; sourceTree = "<group>"; };
		369D989D1544800900616DF5 /* FakeProjectBuilder.h */ = {isa = PBXFileReference; fileEncoding = 4; lastKnownFileType = sourcecode.c.h; path = FakeProjectBuilder.h; sourceTree = "<group>"; };
		369D989E1544800900616DF5 /* FakeProjectBuilder.m */ = {isa = PBXFileReference; fileEncoding = 4; lastKnownFileType = sourcecode.c.objc; path = FakeProjectBuilder.m; sourceTree = "<group>"; };
		369D98A11544881500616DF5 /* FResourceIndex.h */ = {isa = PBXFileReference; fileEncoding = 4; lastKnownFileType = sourcecode.c.h; path = FResourceIndex.h; sourceTree = "<group>"; };
		369D98A21544881500616DF5 /* FResourceIndex.m */ = {isa = PBXFileReference; fileEncoding = 4; lastKnownFileType = sourcecode.c.objc; path = FResourceIndex.m; sourceTree = "<group>"; };
		369D98A415448B8D00616DF5 /* FResourceName.h */ = {isa = PBXFileReference; fileEncoding = 4; lastKnownFileType = sourcecode.c.h; path = FResourceName.h; sourceTree = "<group>"; };
		369D98A515448B8D00616DF5 /* FResourceName.m */ = {isa = PBXFileReference; fileEncoding = 4; lastKnownFileType = sourcecode.c.objc; path = FResourceName.m; sourceTree = "<group>"; };
		369D98A815448F3900616DF5 /* NSString+Resources.h */ = {isa = PBXFileReference; fileEncoding = 4; lastKnownFileType = sourcecode.c.h; path = "NSString+Resources.h"; sourceTree = "<group>"; };
		369D98A915448F3900616DF5 /* NSString+Resources.m */ = {isa = PBXFileReference; fileEncoding = 4; lastKnownFileType = sourcecode.c.objc; path = "NSString+Resources.m"; sourceTree = "<group>"; };
		36E98EE9154C541600D48A46 /* NSString+Regexen.h */ = {isa = PBXFileReference; fileEncoding = 4; lastKnownFileType = sourcecode.c.h; path = "NSString+Regexen.h"; sourceTree = "<group>"; };
		36E98EEA154C541600D48A46 /* NSString+Regexen.m */ = {isa = PBXFileReference; fileEncoding = 4; lastKnownFileType = sourcecode.c.objc; path = "NSString+Regexen.m"; sourceTree = "<group>"; };
		36EEAE00155EA0E70066AB57 /* FTaskStream.h */ = {isa = PBXFileReference; fileEncoding = 4; lastKnownFileType = sourcecode.c.h; path = FTaskStream.h; sourceTree = "<group>"; };
		36EEAE01155EA0E70066AB57 /* FTaskStream.m */ = {isa = PBXFileReference; fileEncoding = 4; lastKnownFileType = sourcecode.c.objc; path = FTaskStream.m; sourceTree = "<group>"; };
		36EEAE06155F1ABD0066AB57 /* CoreFoundation.framework */ = {isa = PBXFileReference; lastKnownFileType = wrapper.framework; name = CoreFoundation.framework; path = System/Library/Frameworks/CoreFoundation.framework; sourceTree = SDKROOT; };
		36EEAE1C155F4A960066AB57 /* FIntent.h */ = {isa = PBXFileReference; fileEncoding = 4; lastKnownFileType = sourcecode.c.h; path = FIntent.h; sourceTree = "<group>"; };
		36EEAE1D155F4A960066AB57 /* FIntent.m */ = {isa = PBXFileReference; fileEncoding = 4; lastKnownFileType = sourcecode.c.objc; path = FIntent.m; sourceTree = "<group>"; };
		36EEAE2F155F554C0066AB57 /* CDataScanner.h */ = {isa = PBXFileReference; fileEncoding = 4; lastKnownFileType = sourcecode.c.h; path = CDataScanner.h; sourceTree = "<group>"; };
		36EEAE30155F554C0066AB57 /* CDataScanner.m */ = {isa = PBXFileReference; fileEncoding = 4; lastKnownFileType = sourcecode.c.objc; path = CDataScanner.m; sourceTree = "<group>"; };
		36EEAE4C155F565A0066AB57 /* CFilteringJSONSerializer.h */ = {isa = PBXFileReference; fileEncoding = 4; lastKnownFileType = sourcecode.c.h; path = CFilteringJSONSerializer.h; sourceTree = "<group>"; };
		36EEAE4D155F565A0066AB57 /* CFilteringJSONSerializer.m */ = {isa = PBXFileReference; fileEncoding = 4; lastKnownFileType = sourcecode.c.objc; path = CFilteringJSONSerializer.m; sourceTree = "<group>"; };
		36EEAE4E155F565A0066AB57 /* CJSONSerialization.h */ = {isa = PBXFileReference; fileEncoding = 4; lastKnownFileType = sourcecode.c.h; path = CJSONSerialization.h; sourceTree = "<group>"; };
		36EEAE4F155F565A0066AB57 /* CJSONSerialization.m */ = {isa = PBXFileReference; fileEncoding = 4; lastKnownFileType = sourcecode.c.objc; path = CJSONSerialization.m; sourceTree = "<group>"; };
		36EEAE50155F565A0066AB57 /* CJSONSerializedData.h */ = {isa = PBXFileReference; fileEncoding = 4; lastKnownFileType = sourcecode.c.h; path = CJSONSerializedData.h; sourceTree = "<group>"; };
		36EEAE51155F565A0066AB57 /* CJSONSerializedData.m */ = {isa = PBXFileReference; fileEncoding = 4; lastKnownFileType = sourcecode.c.objc; path = CJSONSerializedData.m; sourceTree = "<group>"; };
		36EEAE52155F565A0066AB57 /* CDataScanner_Extensions.h */ = {isa = PBXFileReference; fileEncoding = 4; lastKnownFileType = sourcecode.c.h; path = CDataScanner_Extensions.h; sourceTree = "<group>"; };
		36EEAE53155F565A0066AB57 /* CDataScanner_Extensions.m */ = {isa = PBXFileReference; fileEncoding = 4; lastKnownFileType = sourcecode.c.objc; path = CDataScanner_Extensions.m; sourceTree = "<group>"; };
		36EEAE54155F565A0066AB57 /* NSDictionary_JSONExtensions.h */ = {isa = PBXFileReference; fileEncoding = 4; lastKnownFileType = sourcecode.c.h; path = NSDictionary_JSONExtensions.h; sourceTree = "<group>"; };
		36EEAE55155F565A0066AB57 /* NSDictionary_JSONExtensions.m */ = {isa = PBXFileReference; fileEncoding = 4; lastKnownFileType = sourcecode.c.objc; path = NSDictionary_JSONExtensions.m; sourceTree = "<group>"; };
		36EEAE56155F565A0066AB57 /* CJSONScanner.h */ = {isa = PBXFileReference; fileEncoding = 4; lastKnownFileType = sourcecode.c.h; path = CJSONScanner.h; sourceTree = "<group>"; };
		36EEAE57155F565A0066AB57 /* CJSONScanner.m */ = {isa = PBXFileReference; fileEncoding = 4; lastKnownFileType = sourcecode.c.objc; path = CJSONScanner.m; sourceTree = "<group>"; };
		36EEAE58155F565A0066AB57 /* CJSONDeserializer.h */ = {isa = PBXFileReference; fileEncoding = 4; lastKnownFileType = sourcecode.c.h; path = CJSONDeserializer.h; sourceTree = "<group>"; };
		36EEAE59155F565A0066AB57 /* CJSONDeserializer.m */ = {isa = PBXFileReference; fileEncoding = 4; lastKnownFileType = sourcecode.c.objc; path = CJSONDeserializer.m; sourceTree = "<group>"; };
		36EEAE5A155F565A0066AB57 /* CJSONSerializer.h */ = {isa = PBXFileReference; fileEncoding = 4; lastKnownFileType = sourcecode.c.h; path = CJSONSerializer.h; sourceTree = "<group>"; };
		36EEAE5B155F565A0066AB57 /* CJSONSerializer.m */ = {isa = PBXFileReference; fileEncoding = 4; lastKnownFileType = sourcecode.c.objc; path = CJSONSerializer.m; sourceTree = "<group>"; };
		36EEAE5C155F565A0066AB57 /* JSONRepresentation.h */ = {isa = PBXFileReference; fileEncoding = 4; lastKnownFileType = sourcecode.c.h; path = JSONRepresentation.h; sourceTree = "<group>"; };
		8342C506153F7274007B2447 /* Roger.app */ = {isa = PBXFileReference; explicitFileType = wrapper.application; includeInIndex = 0; path = Roger.app; sourceTree = BUILT_PRODUCTS_DIR; };
		8342C50A153F7274007B2447 /* Cocoa.framework */ = {isa = PBXFileReference; lastKnownFileType = wrapper.framework; name = Cocoa.framework; path = System/Library/Frameworks/Cocoa.framework; sourceTree = SDKROOT; };
		8342C50D153F7274007B2447 /* AppKit.framework */ = {isa = PBXFileReference; lastKnownFileType = wrapper.framework; name = AppKit.framework; path = System/Library/Frameworks/AppKit.framework; sourceTree = SDKROOT; };
		8342C50E153F7274007B2447 /* CoreData.framework */ = {isa = PBXFileReference; lastKnownFileType = wrapper.framework; name = CoreData.framework; path = System/Library/Frameworks/CoreData.framework; sourceTree = SDKROOT; };
		8342C50F153F7274007B2447 /* Foundation.framework */ = {isa = PBXFileReference; lastKnownFileType = wrapper.framework; name = Foundation.framework; path = System/Library/Frameworks/Foundation.framework; sourceTree = SDKROOT; };
		8342C512153F7274007B2447 /* Roger-Info.plist */ = {isa = PBXFileReference; lastKnownFileType = text.plist.xml; path = "Roger-Info.plist"; sourceTree = "<group>"; };
		8342C514153F7274007B2447 /* en */ = {isa = PBXFileReference; lastKnownFileType = text.plist.strings; name = en; path = en.lproj/InfoPlist.strings; sourceTree = "<group>"; };
		8342C516153F7274007B2447 /* main.m */ = {isa = PBXFileReference; lastKnownFileType = sourcecode.c.objc; path = main.m; sourceTree = "<group>"; };
		8342C518153F7274007B2447 /* Roger-Prefix.pch */ = {isa = PBXFileReference; lastKnownFileType = sourcecode.c.h; path = "Roger-Prefix.pch"; sourceTree = "<group>"; };
		8342C51A153F7274007B2447 /* en */ = {isa = PBXFileReference; lastKnownFileType = text.rtf; name = en; path = en.lproj/Credits.rtf; sourceTree = "<group>"; };
		8342C51C153F7274007B2447 /* FAppDelegate.h */ = {isa = PBXFileReference; lastKnownFileType = sourcecode.c.h; path = FAppDelegate.h; sourceTree = "<group>"; };
		8342C51D153F7274007B2447 /* FAppDelegate.m */ = {isa = PBXFileReference; lastKnownFileType = sourcecode.c.objc; path = FAppDelegate.m; sourceTree = "<group>"; };
		8342C520153F7274007B2447 /* en */ = {isa = PBXFileReference; lastKnownFileType = file.xib; name = en; path = en.lproj/MainMenu.xib; sourceTree = "<group>"; };
		8342C530153F73E6007B2447 /* FFileViewController.h */ = {isa = PBXFileReference; fileEncoding = 4; lastKnownFileType = sourcecode.c.h; path = FFileViewController.h; sourceTree = "<group>"; };
		8342C531153F73E6007B2447 /* FFileViewController.m */ = {isa = PBXFileReference; fileEncoding = 4; lastKnownFileType = sourcecode.c.objc; path = FFileViewController.m; sourceTree = "<group>"; };
		8342C532153F73E6007B2447 /* FFileViewController.xib */ = {isa = PBXFileReference; fileEncoding = 4; lastKnownFileType = file.xib; path = FFileViewController.xib; sourceTree = "<group>"; };
		8395D943154771E70023F804 /* RogerIcon.icns */ = {isa = PBXFileReference; lastKnownFileType = image.icns; path = RogerIcon.icns; sourceTree = "<group>"; };
		83FEA52715407D8900B40A11 /* RogerServer.js */ = {isa = PBXFileReference; fileEncoding = 4; lastKnownFileType = sourcecode.javascript; path = RogerServer.js; sourceTree = "<group>"; };
		83FEA52C1540B31400B40A11 /* AndroidManifest.xml */ = {isa = PBXFileReference; lastKnownFileType = text.xml; name = AndroidManifest.xml; path = scripting/AndroidManifest.xml; sourceTree = "<group>"; };
		83FEA53215410BA600B40A11 /* FPreferenceWindowController.h */ = {isa = PBXFileReference; fileEncoding = 4; lastKnownFileType = sourcecode.c.h; path = FPreferenceWindowController.h; sourceTree = "<group>"; };
		83FEA53315410BA600B40A11 /* FPreferenceWindowController.m */ = {isa = PBXFileReference; fileEncoding = 4; lastKnownFileType = sourcecode.c.objc; path = FPreferenceWindowController.m; sourceTree = "<group>"; };
		83FEA53415410BA700B40A11 /* FPreferenceWindowController.xib */ = {isa = PBXFileReference; fileEncoding = 4; lastKnownFileType = file.xib; path = FPreferenceWindowController.xib; sourceTree = "<group>"; };
/* End PBXFileReference section */

/* Begin PBXFrameworksBuildPhase section */
		8342C503153F7274007B2447 /* Frameworks */ = {
			isa = PBXFrameworksBuildPhase;
			buildActionMask = 2147483647;
			files = (
				8342C50B153F7274007B2447 /* Cocoa.framework in Frameworks */,
			);
			runOnlyForDeploymentPostprocessing = 0;
		};
/* End PBXFrameworksBuildPhase section */

/* Begin PBXGroup section */
		36EEAE0E155F30350066AB57 /* TouchJSON */ = {
			isa = PBXGroup;
			children = (
				36EEAE4C155F565A0066AB57 /* CFilteringJSONSerializer.h */,
				36EEAE4D155F565A0066AB57 /* CFilteringJSONSerializer.m */,
				36EEAE4E155F565A0066AB57 /* CJSONSerialization.h */,
				36EEAE4F155F565A0066AB57 /* CJSONSerialization.m */,
				36EEAE50155F565A0066AB57 /* CJSONSerializedData.h */,
				36EEAE51155F565A0066AB57 /* CJSONSerializedData.m */,
				36EEAE52155F565A0066AB57 /* CDataScanner_Extensions.h */,
				36EEAE53155F565A0066AB57 /* CDataScanner_Extensions.m */,
				36EEAE54155F565A0066AB57 /* NSDictionary_JSONExtensions.h */,
				36EEAE55155F565A0066AB57 /* NSDictionary_JSONExtensions.m */,
				36EEAE56155F565A0066AB57 /* CJSONScanner.h */,
				36EEAE57155F565A0066AB57 /* CJSONScanner.m */,
				36EEAE58155F565A0066AB57 /* CJSONDeserializer.h */,
				36EEAE59155F565A0066AB57 /* CJSONDeserializer.m */,
				36EEAE5A155F565A0066AB57 /* CJSONSerializer.h */,
				36EEAE5B155F565A0066AB57 /* CJSONSerializer.m */,
				36EEAE5C155F565A0066AB57 /* JSONRepresentation.h */,
				36EEAE2F155F554C0066AB57 /* CDataScanner.h */,
				36EEAE30155F554C0066AB57 /* CDataScanner.m */,
			);
			name = TouchJSON;
			sourceTree = "<group>";
		};
		8342C4FB153F7274007B2447 = {
			isa = PBXGroup;
			children = (
				36EEAE06155F1ABD0066AB57 /* CoreFoundation.framework */,
				3680B8891549CED8005CD1B3 /* publish_apk_to_adb_devices.sh */,
				8395D943154771E70023F804 /* RogerIcon.icns */,
				361B445A1540A56200C4F80B /* AndroidManifest.xml */,
				83FEA52C1540B31400B40A11 /* AndroidManifest.xml */,
				362A7AA115406FFE00CA25C6 /* en1_addr.sh */,
				362A7A9F1540643700CA25C6 /* build_fake_package.sh */,
				8342C510153F7274007B2447 /* Roger */,
				8342C509153F7274007B2447 /* Frameworks */,
				8342C507153F7274007B2447 /* Products */,
			);
			sourceTree = "<group>";
		};
		8342C507153F7274007B2447 /* Products */ = {
			isa = PBXGroup;
			children = (
				8342C506153F7274007B2447 /* Roger.app */,
			);
			name = Products;
			sourceTree = "<group>";
		};
		8342C509153F7274007B2447 /* Frameworks */ = {
			isa = PBXGroup;
			children = (
				8342C50A153F7274007B2447 /* Cocoa.framework */,
				8342C50C153F7274007B2447 /* Other Frameworks */,
			);
			name = Frameworks;
			sourceTree = "<group>";
		};
		8342C50C153F7274007B2447 /* Other Frameworks */ = {
			isa = PBXGroup;
			children = (
				8342C50D153F7274007B2447 /* AppKit.framework */,
				8342C50E153F7274007B2447 /* CoreData.framework */,
				8342C50F153F7274007B2447 /* Foundation.framework */,
			);
			name = "Other Frameworks";
			sourceTree = "<group>";
		};
		8342C510153F7274007B2447 /* Roger */ = {
			isa = PBXGroup;
			children = (
				36EEAE0E155F30350066AB57 /* TouchJSON */,
				369D989D1544800900616DF5 /* FakeProjectBuilder.h */,
				369D989E1544800900616DF5 /* FakeProjectBuilder.m */,
				362A7A9D15405D2000CA25C6 /* scripting */,
				8342C51C153F7274007B2447 /* FAppDelegate.h */,
				8342C51D153F7274007B2447 /* FAppDelegate.m */,
				8342C51F153F7274007B2447 /* MainMenu.xib */,
				8342C511153F7274007B2447 /* Supporting Files */,
				8342C530153F73E6007B2447 /* FFileViewController.h */,
				8342C531153F73E6007B2447 /* FFileViewController.m */,
				8342C532153F73E6007B2447 /* FFileViewController.xib */,
				83FEA53215410BA600B40A11 /* FPreferenceWindowController.h */,
				83FEA53315410BA600B40A11 /* FPreferenceWindowController.m */,
				83FEA53415410BA700B40A11 /* FPreferenceWindowController.xib */,
				369D98A11544881500616DF5 /* FResourceIndex.h */,
				369D98A21544881500616DF5 /* FResourceIndex.m */,
				369D98A415448B8D00616DF5 /* FResourceName.h */,
				369D98A515448B8D00616DF5 /* FResourceName.m */,
				369D98A815448F3900616DF5 /* NSString+Resources.h */,
				369D98A915448F3900616DF5 /* NSString+Resources.m */,
				36E98EE9154C541600D48A46 /* NSString+Regexen.h */,
				36E98EEA154C541600D48A46 /* NSString+Regexen.m */,
				36EEAE00155EA0E70066AB57 /* FTaskStream.h */,
				36EEAE01155EA0E70066AB57 /* FTaskStream.m */,
				36EEAE1C155F4A960066AB57 /* FIntent.h */,
				36EEAE1D155F4A960066AB57 /* FIntent.m */,
			);
			path = Roger;
			sourceTree = "<group>";
		};
		8342C511153F7274007B2447 /* Supporting Files */ = {
			isa = PBXGroup;
			children = (
				83FEA52715407D8900B40A11 /* RogerServer.js */,
				8342C512153F7274007B2447 /* Roger-Info.plist */,
				8342C513153F7274007B2447 /* InfoPlist.strings */,
				8342C516153F7274007B2447 /* main.m */,
				8342C518153F7274007B2447 /* Roger-Prefix.pch */,
				8342C519153F7274007B2447 /* Credits.rtf */,
			);
			name = "Supporting Files";
			sourceTree = "<group>";
		};
/* End PBXGroup section */

/* Begin PBXNativeTarget section */
		8342C505153F7274007B2447 /* Roger */ = {
			isa = PBXNativeTarget;
			buildConfigurationList = 8342C524153F7274007B2447 /* Build configuration list for PBXNativeTarget "Roger" */;
			buildPhases = (
				8342C502153F7274007B2447 /* Sources */,
				8342C503153F7274007B2447 /* Frameworks */,
				8342C504153F7274007B2447 /* Resources */,
			);
			buildRules = (
			);
			dependencies = (
			);
			name = Roger;
			productName = Roger;
			productReference = 8342C506153F7274007B2447 /* Roger.app */;
			productType = "com.apple.product-type.application";
		};
/* End PBXNativeTarget section */

/* Begin PBXProject section */
		8342C4FD153F7274007B2447 /* Project object */ = {
			isa = PBXProject;
			attributes = {
				CLASSPREFIX = F;
				LastUpgradeCheck = 0430;
				ORGANIZATIONNAME = "Big Nerd Ranch";
			};
			buildConfigurationList = 8342C500153F7274007B2447 /* Build configuration list for PBXProject "Roger" */;
			compatibilityVersion = "Xcode 3.2";
			developmentRegion = English;
			hasScannedForEncodings = 0;
			knownRegions = (
				en,
			);
			mainGroup = 8342C4FB153F7274007B2447;
			productRefGroup = 8342C507153F7274007B2447 /* Products */;
			projectDirPath = "";
			projectRoot = "";
			targets = (
				8342C505153F7274007B2447 /* Roger */,
			);
		};
/* End PBXProject section */

/* Begin PBXResourcesBuildPhase section */
		8342C504153F7274007B2447 /* Resources */ = {
			isa = PBXResourcesBuildPhase;
			buildActionMask = 2147483647;
			files = (
				83FEA52B1540826600B40A11 /* RogerServer.js in Resources */,
				8342C515153F7274007B2447 /* InfoPlist.strings in Resources */,
				8342C51B153F7274007B2447 /* Credits.rtf in Resources */,
				8342C521153F7274007B2447 /* MainMenu.xib in Resources */,
				8342C534153F73E6007B2447 /* FFileViewController.xib in Resources */,
				362A7AA01540643700CA25C6 /* build_fake_package.sh in Resources */,
				362A7AA215406FFE00CA25C6 /* en1_addr.sh in Resources */,
				361B445B1540A56200C4F80B /* AndroidManifest.xml in Resources */,
				83FEA53615410BA700B40A11 /* FPreferenceWindowController.xib in Resources */,
				3680B88A1549CED8005CD1B3 /* publish_apk_to_adb_devices.sh in Resources */,
				8395D944154771E70023F804 /* RogerIcon.icns in Resources */,
			);
			runOnlyForDeploymentPostprocessing = 0;
		};
/* End PBXResourcesBuildPhase section */

/* Begin PBXSourcesBuildPhase section */
		8342C502153F7274007B2447 /* Sources */ = {
			isa = PBXSourcesBuildPhase;
			buildActionMask = 2147483647;
			files = (
				8342C517153F7274007B2447 /* main.m in Sources */,
				8342C51E153F7274007B2447 /* FAppDelegate.m in Sources */,
				8342C533153F73E6007B2447 /* FFileViewController.m in Sources */,
				83FEA52815407D8900B40A11 /* RogerServer.js in Sources */,
				83FEA53515410BA700B40A11 /* FPreferenceWindowController.m in Sources */,
				369D989F1544800900616DF5 /* FakeProjectBuilder.m in Sources */,
				369D98A31544881500616DF5 /* FResourceIndex.m in Sources */,
				369D98A615448B8D00616DF5 /* FResourceName.m in Sources */,
				369D98AA15448F3900616DF5 /* NSString+Resources.m in Sources */,
				36E98EEB154C541600D48A46 /* NSString+Regexen.m in Sources */,
				36EEAE02155EA0E70066AB57 /* FTaskStream.m in Sources */,
				36EEAE1E155F4A960066AB57 /* FIntent.m in Sources */,
				36EEAE31155F554C0066AB57 /* CDataScanner.m in Sources */,
				36EEAE5D155F565A0066AB57 /* CFilteringJSONSerializer.m in Sources */,
				36EEAE5E155F565A0066AB57 /* CJSONSerialization.m in Sources */,
				36EEAE5F155F565A0066AB57 /* CJSONSerializedData.m in Sources */,
				36EEAE60155F565A0066AB57 /* CDataScanner_Extensions.m in Sources */,
				36EEAE61155F565A0066AB57 /* NSDictionary_JSONExtensions.m in Sources */,
				36EEAE62155F565A0066AB57 /* CJSONScanner.m in Sources */,
				36EEAE63155F565A0066AB57 /* CJSONDeserializer.m in Sources */,
				36EEAE64155F565A0066AB57 /* CJSONSerializer.m in Sources */,
			);
			runOnlyForDeploymentPostprocessing = 0;
		};
/* End PBXSourcesBuildPhase section */

/* Begin PBXVariantGroup section */
		8342C513153F7274007B2447 /* InfoPlist.strings */ = {
			isa = PBXVariantGroup;
			children = (
				8342C514153F7274007B2447 /* en */,
			);
			name = InfoPlist.strings;
			sourceTree = "<group>";
		};
		8342C519153F7274007B2447 /* Credits.rtf */ = {
			isa = PBXVariantGroup;
			children = (
				8342C51A153F7274007B2447 /* en */,
			);
			name = Credits.rtf;
			sourceTree = "<group>";
		};
		8342C51F153F7274007B2447 /* MainMenu.xib */ = {
			isa = PBXVariantGroup;
			children = (
				8342C520153F7274007B2447 /* en */,
			);
			name = MainMenu.xib;
			sourceTree = "<group>";
		};
/* End PBXVariantGroup section */

/* Begin XCBuildConfiguration section */
		8342C522153F7274007B2447 /* Debug */ = {
			isa = XCBuildConfiguration;
			buildSettings = {
				ALWAYS_SEARCH_USER_PATHS = NO;
				ARCHS = "$(ARCHS_STANDARD_64_BIT)";
				CLANG_ENABLE_OBJC_ARC = YES;
				COPY_PHASE_STRIP = NO;
				GCC_C_LANGUAGE_STANDARD = gnu99;
				GCC_DYNAMIC_NO_PIC = NO;
				GCC_ENABLE_OBJC_EXCEPTIONS = YES;
				GCC_OPTIMIZATION_LEVEL = 0;
				GCC_PREPROCESSOR_DEFINITIONS = (
					"DEBUG=1",
					"$(inherited)",
				);
				GCC_SYMBOLS_PRIVATE_EXTERN = NO;
				GCC_VERSION = com.apple.compilers.llvm.clang.1_0;
				GCC_WARN_64_TO_32_BIT_CONVERSION = YES;
				GCC_WARN_ABOUT_RETURN_TYPE = YES;
				GCC_WARN_UNINITIALIZED_AUTOS = YES;
				GCC_WARN_UNUSED_VARIABLE = YES;
				MACOSX_DEPLOYMENT_TARGET = 10.7;
				ONLY_ACTIVE_ARCH = YES;
				SDKROOT = macosx;
			};
			name = Debug;
		};
		8342C523153F7274007B2447 /* Release */ = {
			isa = XCBuildConfiguration;
			buildSettings = {
				ALWAYS_SEARCH_USER_PATHS = NO;
				ARCHS = "$(ARCHS_STANDARD_64_BIT)";
				CLANG_ENABLE_OBJC_ARC = YES;
				COPY_PHASE_STRIP = YES;
				DEBUG_INFORMATION_FORMAT = "dwarf-with-dsym";
				GCC_C_LANGUAGE_STANDARD = gnu99;
				GCC_ENABLE_OBJC_EXCEPTIONS = YES;
				GCC_VERSION = com.apple.compilers.llvm.clang.1_0;
				GCC_WARN_64_TO_32_BIT_CONVERSION = YES;
				GCC_WARN_ABOUT_RETURN_TYPE = YES;
				GCC_WARN_UNINITIALIZED_AUTOS = YES;
				GCC_WARN_UNUSED_VARIABLE = YES;
				MACOSX_DEPLOYMENT_TARGET = 10.7;
				SDKROOT = macosx;
			};
			name = Release;
		};
		8342C525153F7274007B2447 /* Debug */ = {
			isa = XCBuildConfiguration;
			buildSettings = {
				GCC_PRECOMPILE_PREFIX_HEADER = YES;
				GCC_PREFIX_HEADER = "Roger/Roger-Prefix.pch";
				INFOPLIST_FILE = "Roger/Roger-Info.plist";
				PRODUCT_NAME = "$(TARGET_NAME)";
				WRAPPER_EXTENSION = app;
			};
			name = Debug;
		};
		8342C526153F7274007B2447 /* Release */ = {
			isa = XCBuildConfiguration;
			buildSettings = {
				GCC_PRECOMPILE_PREFIX_HEADER = YES;
				GCC_PREFIX_HEADER = "Roger/Roger-Prefix.pch";
				INFOPLIST_FILE = "Roger/Roger-Info.plist";
				PRODUCT_NAME = "$(TARGET_NAME)";
				WRAPPER_EXTENSION = app;
			};
			name = Release;
		};
/* End XCBuildConfiguration section */

/* Begin XCConfigurationList section */
		8342C500153F7274007B2447 /* Build configuration list for PBXProject "Roger" */ = {
			isa = XCConfigurationList;
			buildConfigurations = (
				8342C522153F7274007B2447 /* Debug */,
				8342C523153F7274007B2447 /* Release */,
			);
			defaultConfigurationIsVisible = 0;
			defaultConfigurationName = Release;
		};
		8342C524153F7274007B2447 /* Build configuration list for PBXNativeTarget "Roger" */ = {
			isa = XCConfigurationList;
			buildConfigurations = (
				8342C525153F7274007B2447 /* Debug */,
				8342C526153F7274007B2447 /* Release */,
			);
			defaultConfigurationIsVisible = 0;
			defaultConfigurationName = Release;
		};
/* End XCConfigurationList section */
	};
	rootObject = 8342C4FD153F7274007B2447 /* Project object */;
}
