// !$*UTF8*$!
{
	archiveVersion = 1;
	classes = {
	};
	objectVersion = 46;
	objects = {

/* Begin PBXBuildFile section */
		362A7AA01540643700CA25C6 /* build_fake_package.sh in Resources */ = {isa = PBXBuildFile; fileRef = 362A7A9F1540643700CA25C6 /* build_fake_package.sh */; };
		362A7AA215406FFE00CA25C6 /* en1_addr.sh in Resources */ = {isa = PBXBuildFile; fileRef = 362A7AA115406FFE00CA25C6 /* en1_addr.sh */; };
		8342C50B153F7274007B2447 /* Cocoa.framework in Frameworks */ = {isa = PBXBuildFile; fileRef = 8342C50A153F7274007B2447 /* Cocoa.framework */; };
		8342C515153F7274007B2447 /* InfoPlist.strings in Resources */ = {isa = PBXBuildFile; fileRef = 8342C513153F7274007B2447 /* InfoPlist.strings */; };
		8342C517153F7274007B2447 /* main.m in Sources */ = {isa = PBXBuildFile; fileRef = 8342C516153F7274007B2447 /* main.m */; };
		8342C51B153F7274007B2447 /* Credits.rtf in Resources */ = {isa = PBXBuildFile; fileRef = 8342C519153F7274007B2447 /* Credits.rtf */; };
		8342C51E153F7274007B2447 /* FAppDelegate.m in Sources */ = {isa = PBXBuildFile; fileRef = 8342C51D153F7274007B2447 /* FAppDelegate.m */; };
		8342C521153F7274007B2447 /* MainMenu.xib in Resources */ = {isa = PBXBuildFile; fileRef = 8342C51F153F7274007B2447 /* MainMenu.xib */; };
		8342C533153F73E6007B2447 /* FFileViewController.m in Sources */ = {isa = PBXBuildFile; fileRef = 8342C531153F73E6007B2447 /* FFileViewController.m */; };
		8342C534153F73E6007B2447 /* FFileViewController.xib in Resources */ = {isa = PBXBuildFile; fileRef = 8342C532153F73E6007B2447 /* FFileViewController.xib */; };
/* End PBXBuildFile section */

/* Begin PBXFileReference section */
		362A7A9D15405D2000CA25C6 /* scripting */ = {isa = PBXFileReference; lastKnownFileType = folder; path = scripting; sourceTree = SOURCE_ROOT; };
		362A7A9F1540643700CA25C6 /* build_fake_package.sh */ = {isa = PBXFileReference; lastKnownFileType = text.script.sh; name = build_fake_package.sh; path = scripting/build_fake_package.sh; sourceTree = "<group>"; };
		362A7AA115406FFE00CA25C6 /* en1_addr.sh */ = {isa = PBXFileReference; lastKnownFileType = text.script.sh; name = en1_addr.sh; path = scripting/en1_addr.sh; sourceTree = "<group>"; };
		8342C506153F7274007B2447 /* Roger.app */ = {isa = PBXFileReference; explicitFileType = wrapper.application; includeInIndex = 0; path = Roger.app; sourceTree = BUILT_PRODUCTS_DIR; };
		8342C50A153F7274007B2447 /* Cocoa.framework */ = {isa = PBXFileReference; lastKnownFileType = wrapper.framework; name = Cocoa.framework; path = System/Library/Frameworks/Cocoa.framework; sourceTree = SDKROOT; };
		8342C50D153F7274007B2447 /* AppKit.framework */ = {isa = PBXFileReference; lastKnownFileType = wrapper.framework; name = AppKit.framework; path = System/Library/Frameworks/AppKit.framework; sourceTree = SDKROOT; };
		8342C50E153F7274007B2447 /* CoreData.framework */ = {isa = PBXFileReference; lastKnownFileType = wrapper.framework; name = CoreData.framework; path = System/Library/Frameworks/CoreData.framework; sourceTree = SDKROOT; };
		8342C50F153F7274007B2447 /* Foundation.framework */ = {isa = PBXFileReference; lastKnownFileType = wrapper.framework; name = Foundation.framework; path = System/Library/Frameworks/Foundation.framework; sourceTree = SDKROOT; };
		8342C512153F7274007B2447 /* Roger-Info.plist */ = {isa = PBXFileReference; lastKnownFileType = text.plist.xml; path = "Roger-Info.plist"; sourceTree = "<group>"; };
		8342C514153F7274007B2447 /* en */ = {isa = PBXFileReference; lastKnownFileType = text.plist.strings; name = en; path = en.lproj/InfoPlist.strings; sourceTree = "<group>"; };
		8342C516153F7274007B2447 /* main.m */ = {isa = PBXFileReference; lastKnownFileType = sourcecode.c.objc; path = main.m; sourceTree = "<group>"; };
		8342C518153F7274007B2447 /* Roger-Prefix.pch */ = {isa = PBXFileReference; lastKnownFileType = sourcecode.c.h; path = "Roger-Prefix.pch"; sourceTree = "<group>"; };
		8342C51A153F7274007B2447 /* en */ = {isa = PBXFileReference; lastKnownFileType = text.rtf; name = en; path = en.lproj/Credits.rtf; sourceTree = "<group>"; };
		8342C51C153F7274007B2447 /* FAppDelegate.h */ = {isa = PBXFileReference; lastKnownFileType = sourcecode.c.h; path = FAppDelegate.h; sourceTree = "<group>"; };
		8342C51D153F7274007B2447 /* FAppDelegate.m */ = {isa = PBXFileReference; lastKnownFileType = sourcecode.c.objc; path = FAppDelegate.m; sourceTree = "<group>"; };
		8342C520153F7274007B2447 /* en */ = {isa = PBXFileReference; lastKnownFileType = file.xib; name = en; path = en.lproj/MainMenu.xib; sourceTree = "<group>"; };
		8342C530153F73E6007B2447 /* FFileViewController.h */ = {isa = PBXFileReference; fileEncoding = 4; lastKnownFileType = sourcecode.c.h; path = FFileViewController.h; sourceTree = "<group>"; };
		8342C531153F73E6007B2447 /* FFileViewController.m */ = {isa = PBXFileReference; fileEncoding = 4; lastKnownFileType = sourcecode.c.objc; path = FFileViewController.m; sourceTree = "<group>"; };
		8342C532153F73E6007B2447 /* FFileViewController.xib */ = {isa = PBXFileReference; fileEncoding = 4; lastKnownFileType = file.xib; path = FFileViewController.xib; sourceTree = "<group>"; };
/* End PBXFileReference section */

/* Begin PBXFrameworksBuildPhase section */
		8342C503153F7274007B2447 /* Frameworks */ = {
			isa = PBXFrameworksBuildPhase;
			buildActionMask = 2147483647;
			files = (
				8342C50B153F7274007B2447 /* Cocoa.framework in Frameworks */,
			);
			runOnlyForDeploymentPostprocessing = 0;
		};
/* End PBXFrameworksBuildPhase section */

/* Begin PBXGroup section */
		8342C4FB153F7274007B2447 = {
			isa = PBXGroup;
			children = (
				362A7AA115406FFE00CA25C6 /* en1_addr.sh */,
				362A7A9F1540643700CA25C6 /* build_fake_package.sh */,
				8342C510153F7274007B2447 /* Roger */,
				8342C509153F7274007B2447 /* Frameworks */,
				8342C507153F7274007B2447 /* Products */,
			);
			sourceTree = "<group>";
		};
		8342C507153F7274007B2447 /* Products */ = {
			isa = PBXGroup;
			children = (
				8342C506153F7274007B2447 /* Roger.app */,
			);
			name = Products;
			sourceTree = "<group>";
		};
		8342C509153F7274007B2447 /* Frameworks */ = {
			isa = PBXGroup;
			children = (
				8342C50A153F7274007B2447 /* Cocoa.framework */,
				8342C50C153F7274007B2447 /* Other Frameworks */,
			);
			name = Frameworks;
			sourceTree = "<group>";
		};
		8342C50C153F7274007B2447 /* Other Frameworks */ = {
			isa = PBXGroup;
			children = (
				8342C50D153F7274007B2447 /* AppKit.framework */,
				8342C50E153F7274007B2447 /* CoreData.framework */,
				8342C50F153F7274007B2447 /* Foundation.framework */,
			);
			name = "Other Frameworks";
			sourceTree = "<group>";
		};
		8342C510153F7274007B2447 /* Roger */ = {
			isa = PBXGroup;
			children = (
				362A7A9D15405D2000CA25C6 /* scripting */,
				8342C51C153F7274007B2447 /* FAppDelegate.h */,
				8342C51D153F7274007B2447 /* FAppDelegate.m */,
				8342C51F153F7274007B2447 /* MainMenu.xib */,
				8342C511153F7274007B2447 /* Supporting Files */,
				8342C530153F73E6007B2447 /* FFileViewController.h */,
				8342C531153F73E6007B2447 /* FFileViewController.m */,
				8342C532153F73E6007B2447 /* FFileViewController.xib */,
			);
			path = Roger;
			sourceTree = "<group>";
		};
		8342C511153F7274007B2447 /* Supporting Files */ = {
			isa = PBXGroup;
			children = (
				8342C512153F7274007B2447 /* Roger-Info.plist */,
				8342C513153F7274007B2447 /* InfoPlist.strings */,
				8342C516153F7274007B2447 /* main.m */,
				8342C518153F7274007B2447 /* Roger-Prefix.pch */,
				8342C519153F7274007B2447 /* Credits.rtf */,
			);
			name = "Supporting Files";
			sourceTree = "<group>";
		};
/* End PBXGroup section */

/* Begin PBXNativeTarget section */
		8342C505153F7274007B2447 /* Roger */ = {
			isa = PBXNativeTarget;
			buildConfigurationList = 8342C524153F7274007B2447 /* Build configuration list for PBXNativeTarget "Roger" */;
			buildPhases = (
				8342C502153F7274007B2447 /* Sources */,
				8342C503153F7274007B2447 /* Frameworks */,
				8342C504153F7274007B2447 /* Resources */,
			);
			buildRules = (
			);
			dependencies = (
			);
			name = Roger;
			productName = Roger;
			productReference = 8342C506153F7274007B2447 /* Roger.app */;
			productType = "com.apple.product-type.application";
		};
/* End PBXNativeTarget section */

/* Begin PBXProject section */
		8342C4FD153F7274007B2447 /* Project object */ = {
			isa = PBXProject;
			attributes = {
				CLASSPREFIX = F;
				LastUpgradeCheck = 0430;
				ORGANIZATIONNAME = "Big Nerd Ranch";
			};
			buildConfigurationList = 8342C500153F7274007B2447 /* Build configuration list for PBXProject "Roger" */;
			compatibilityVersion = "Xcode 3.2";
			developmentRegion = English;
			hasScannedForEncodings = 0;
			knownRegions = (
				en,
			);
			mainGroup = 8342C4FB153F7274007B2447;
			productRefGroup = 8342C507153F7274007B2447 /* Products */;
			projectDirPath = "";
			projectRoot = "";
			targets = (
				8342C505153F7274007B2447 /* Roger */,
			);
		};
/* End PBXProject section */

/* Begin PBXResourcesBuildPhase section */
		8342C504153F7274007B2447 /* Resources */ = {
			isa = PBXResourcesBuildPhase;
			buildActionMask = 2147483647;
			files = (
				8342C515153F7274007B2447 /* InfoPlist.strings in Resources */,
				8342C51B153F7274007B2447 /* Credits.rtf in Resources */,
				8342C521153F7274007B2447 /* MainMenu.xib in Resources */,
				8342C534153F73E6007B2447 /* FFileViewController.xib in Resources */,
				362A7AA01540643700CA25C6 /* build_fake_package.sh in Resources */,
				362A7AA215406FFE00CA25C6 /* en1_addr.sh in Resources */,
			);
			runOnlyForDeploymentPostprocessing = 0;
		};
/* End PBXResourcesBuildPhase section */

/* Begin PBXSourcesBuildPhase section */
		8342C502153F7274007B2447 /* Sources */ = {
			isa = PBXSourcesBuildPhase;
			buildActionMask = 2147483647;
			files = (
				8342C517153F7274007B2447 /* main.m in Sources */,
				8342C51E153F7274007B2447 /* FAppDelegate.m in Sources */,
				8342C533153F73E6007B2447 /* FFileViewController.m in Sources */,
			);
			runOnlyForDeploymentPostprocessing = 0;
		};
/* End PBXSourcesBuildPhase section */

/* Begin PBXVariantGroup section */
		8342C513153F7274007B2447 /* InfoPlist.strings */ = {
			isa = PBXVariantGroup;
			children = (
				8342C514153F7274007B2447 /* en */,
			);
			name = InfoPlist.strings;
			sourceTree = "<group>";
		};
		8342C519153F7274007B2447 /* Credits.rtf */ = {
			isa = PBXVariantGroup;
			children = (
				8342C51A153F7274007B2447 /* en */,
			);
			name = Credits.rtf;
			sourceTree = "<group>";
		};
		8342C51F153F7274007B2447 /* MainMenu.xib */ = {
			isa = PBXVariantGroup;
			children = (
				8342C520153F7274007B2447 /* en */,
			);
			name = MainMenu.xib;
			sourceTree = "<group>";
		};
/* End PBXVariantGroup section */

/* Begin XCBuildConfiguration section */
		8342C522153F7274007B2447 /* Debug */ = {
			isa = XCBuildConfiguration;
			buildSettings = {
				ALWAYS_SEARCH_USER_PATHS = NO;
				ARCHS = "$(ARCHS_STANDARD_64_BIT)";
				CLANG_ENABLE_OBJC_ARC = YES;
				COPY_PHASE_STRIP = NO;
				GCC_C_LANGUAGE_STANDARD = gnu99;
				GCC_DYNAMIC_NO_PIC = NO;
				GCC_ENABLE_OBJC_EXCEPTIONS = YES;
				GCC_OPTIMIZATION_LEVEL = 0;
				GCC_PREPROCESSOR_DEFINITIONS = (
					"DEBUG=1",
					"$(inherited)",
				);
				GCC_SYMBOLS_PRIVATE_EXTERN = NO;
				GCC_VERSION = com.apple.compilers.llvm.clang.1_0;
				GCC_WARN_64_TO_32_BIT_CONVERSION = YES;
				GCC_WARN_ABOUT_RETURN_TYPE = YES;
				GCC_WARN_UNINITIALIZED_AUTOS = YES;
				GCC_WARN_UNUSED_VARIABLE = YES;
				MACOSX_DEPLOYMENT_TARGET = 10.7;
				ONLY_ACTIVE_ARCH = YES;
				SDKROOT = macosx;
			};
			name = Debug;
		};
		8342C523153F7274007B2447 /* Release */ = {
			isa = XCBuildConfiguration;
			buildSettings = {
				ALWAYS_SEARCH_USER_PATHS = NO;
				ARCHS = "$(ARCHS_STANDARD_64_BIT)";
				CLANG_ENABLE_OBJC_ARC = YES;
				COPY_PHASE_STRIP = YES;
				DEBUG_INFORMATION_FORMAT = "dwarf-with-dsym";
				GCC_C_LANGUAGE_STANDARD = gnu99;
				GCC_ENABLE_OBJC_EXCEPTIONS = YES;
				GCC_VERSION = com.apple.compilers.llvm.clang.1_0;
				GCC_WARN_64_TO_32_BIT_CONVERSION = YES;
				GCC_WARN_ABOUT_RETURN_TYPE = YES;
				GCC_WARN_UNINITIALIZED_AUTOS = YES;
				GCC_WARN_UNUSED_VARIABLE = YES;
				MACOSX_DEPLOYMENT_TARGET = 10.7;
				SDKROOT = macosx;
			};
			name = Release;
		};
		8342C525153F7274007B2447 /* Debug */ = {
			isa = XCBuildConfiguration;
			buildSettings = {
				GCC_PRECOMPILE_PREFIX_HEADER = YES;
				GCC_PREFIX_HEADER = "Roger/Roger-Prefix.pch";
				INFOPLIST_FILE = "Roger/Roger-Info.plist";
				PRODUCT_NAME = "$(TARGET_NAME)";
				WRAPPER_EXTENSION = app;
			};
			name = Debug;
		};
		8342C526153F7274007B2447 /* Release */ = {
			isa = XCBuildConfiguration;
			buildSettings = {
				GCC_PRECOMPILE_PREFIX_HEADER = YES;
				GCC_PREFIX_HEADER = "Roger/Roger-Prefix.pch";
				INFOPLIST_FILE = "Roger/Roger-Info.plist";
				PRODUCT_NAME = "$(TARGET_NAME)";
				WRAPPER_EXTENSION = app;
			};
			name = Release;
		};
/* End XCBuildConfiguration section */

/* Begin XCConfigurationList section */
		8342C500153F7274007B2447 /* Build configuration list for PBXProject "Roger" */ = {
			isa = XCConfigurationList;
			buildConfigurations = (
				8342C522153F7274007B2447 /* Debug */,
				8342C523153F7274007B2447 /* Release */,
			);
			defaultConfigurationIsVisible = 0;
			defaultConfigurationName = Release;
		};
		8342C524153F7274007B2447 /* Build configuration list for PBXNativeTarget "Roger" */ = {
			isa = XCConfigurationList;
			buildConfigurations = (
				8342C525153F7274007B2447 /* Debug */,
				8342C526153F7274007B2447 /* Release */,
			);
			defaultConfigurationIsVisible = 0;
			defaultConfigurationName = Release;
		};
/* End XCConfigurationList section */
	};
	rootObject = 8342C4FD153F7274007B2447 /* Project object */;
}
